
Microsoft Visual Studio Solution File, Format Version 12.00
# Visual Studio Version 16
VisualStudioVersion = 16.0.30503.244
MinimumVisualStudioVersion = 10.0.40219.1
Project("{9A19103F-16F7-4668-BE54-9A1E7A4F7556}") = "ShipDashboardApp", "ShipDashboardApp\ShipDashboardApp.csproj", "{E8087A4C-9A6C-40CC-94AF-249FCF3AC1FF}"
EndProject
Project("{FAE04EC0-301F-11D3-BF4B-00C04F79EFBC}") = "EmailService", "EmailService\EmailService.csproj", "{A5E5158D-A299-44A8-A372-ECEED199D3BF}"
EndProject
Global
	GlobalSection(SolutionConfigurationPlatforms) = preSolution
		Debug|Any CPU = Debug|Any CPU
		Release|Any CPU = Release|Any CPU
	EndGlobalSection
	GlobalSection(ProjectConfigurationPlatforms) = postSolution
		{E8087A4C-9A6C-40CC-94AF-249FCF3AC1FF}.Debug|Any CPU.ActiveCfg = Debug|Any CPU
		{E8087A4C-9A6C-40CC-94AF-249FCF3AC1FF}.Debug|Any CPU.Build.0 = Debug|Any CPU
		{E8087A4C-9A6C-40CC-94AF-249FCF3AC1FF}.Release|Any CPU.ActiveCfg = Release|Any CPU
		{E8087A4C-9A6C-40CC-94AF-249FCF3AC1FF}.Release|Any CPU.Build.0 = Release|Any CPU
		{A5E5158D-A299-44A8-A372-ECEED199D3BF}.Debug|Any CPU.ActiveCfg = Debug|Any CPU
		{A5E5158D-A299-44A8-A372-ECEED199D3BF}.Debug|Any CPU.Build.0 = Debug|Any CPU
		{A5E5158D-A299-44A8-A372-ECEED199D3BF}.Release|Any CPU.ActiveCfg = Release|Any CPU
		{A5E5158D-A299-44A8-A372-ECEED199D3BF}.Release|Any CPU.Build.0 = Release|Any CPU
	EndGlobalSection
	GlobalSection(SolutionProperties) = preSolution
		HideSolutionNode = FALSE
	EndGlobalSection
	GlobalSection(ExtensibilityGlobals) = postSolution
		SolutionGuid = {58AC6A68-8F30-415C-BE28-176D0168C228}
	EndGlobalSection
EndGlobal
